// !$*UTF8*$!
{
	archiveVersion = 1;
	classes = {
	};
	objectVersion = 55;
	objects = {

/* Begin PBXBuildFile section */
		D70AC62D2A15DF4D0010993C /* CarsDecoder.swift in Sources */ = {isa = PBXBuildFile; fileRef = D70AC62C2A15DF4D0010993C /* CarsDecoder.swift */; };
		D70AC62F2A15E3650010993C /* Feed.swift in Sources */ = {isa = PBXBuildFile; fileRef = D70AC62E2A15E3650010993C /* Feed.swift */; };
		D70AC6312A15E5990010993C /* CarError.swift in Sources */ = {isa = PBXBuildFile; fileRef = D70AC6302A15E5990010993C /* CarError.swift */; };
		D70AC6332A1605520010993C /* CarsDecoderTests.swift in Sources */ = {isa = PBXBuildFile; fileRef = D70AC6322A1605520010993C /* CarsDecoderTests.swift */; };
		D70AC6352A160AB40010993C /* NetworkProviderTests.swift in Sources */ = {isa = PBXBuildFile; fileRef = D70AC6342A160AB40010993C /* NetworkProviderTests.swift */; };
		D75B71082A1DB620002400B9 /* Credentials.swift in Sources */ = {isa = PBXBuildFile; fileRef = D75B71072A1DB620002400B9 /* Credentials.swift */; };
		D75B710C2A1DBBC4002400B9 /* CredentialsProviderProtocol.swift in Sources */ = {isa = PBXBuildFile; fileRef = D75B710B2A1DBBC4002400B9 /* CredentialsProviderProtocol.swift */; };
		D75B710E2A1DBCF5002400B9 /* CredentialsProvider.swift in Sources */ = {isa = PBXBuildFile; fileRef = D75B710D2A1DBCF5002400B9 /* CredentialsProvider.swift */; };
		D75EB84D28EE614900779690 /* AppDelegate.swift in Sources */ = {isa = PBXBuildFile; fileRef = D75EB84C28EE614900779690 /* AppDelegate.swift */; };
		D75EB84F28EE614900779690 /* SceneDelegate.swift in Sources */ = {isa = PBXBuildFile; fileRef = D75EB84E28EE614900779690 /* SceneDelegate.swift */; };
		D75EB85128EE614900779690 /* MapViewController.swift in Sources */ = {isa = PBXBuildFile; fileRef = D75EB85028EE614900779690 /* MapViewController.swift */; };
		D75EB85628EE614E00779690 /* Assets.xcassets in Resources */ = {isa = PBXBuildFile; fileRef = D75EB85528EE614E00779690 /* Assets.xcassets */; };
		D75EB85928EE614E00779690 /* LaunchScreen.storyboard in Resources */ = {isa = PBXBuildFile; fileRef = D75EB85728EE614E00779690 /* LaunchScreen.storyboard */; };
		D75EB87D28EE65F800779690 /* NetworkProvider.swift in Sources */ = {isa = PBXBuildFile; fileRef = D75EB87C28EE65F800779690 /* NetworkProvider.swift */; };
		D75EB88228EE692A00779690 /* MockURLProtocol.swift in Sources */ = {isa = PBXBuildFile; fileRef = D75EB88128EE692A00779690 /* MockURLProtocol.swift */; };
		D75EB88628EE90DD00779690 /* NetworkError.swift in Sources */ = {isa = PBXBuildFile; fileRef = D75EB88528EE90DD00779690 /* NetworkError.swift */; };
		D768742A29022A19000A0084 /* CarAnnotation.swift in Sources */ = {isa = PBXBuildFile; fileRef = D768742929022A19000A0084 /* CarAnnotation.swift */; };
		D785B1A328EFAFB3004C1441 /* CarsViewModel.swift in Sources */ = {isa = PBXBuildFile; fileRef = D785B1A228EFAFB3004C1441 /* CarsViewModel.swift */; };
		D785B1A628EFB3F9004C1441 /* YandexDriveCar.swift in Sources */ = {isa = PBXBuildFile; fileRef = D785B1A528EFB3F9004C1441 /* YandexDriveCar.swift */; };
		D785B1A928EFB501004C1441 /* Car.swift in Sources */ = {isa = PBXBuildFile; fileRef = D785B1A828EFB501004C1441 /* Car.swift */; };
		D785B1B128EFBE44004C1441 /* YandexDriveFeed.swift in Sources */ = {isa = PBXBuildFile; fileRef = D785B1B028EFBE44004C1441 /* YandexDriveFeed.swift */; };
		D785B1B528F00180004C1441 /* yandexdrive.json in Resources */ = {isa = PBXBuildFile; fileRef = D785B1B428F00180004C1441 /* yandexdrive.json */; };
		D785B1B728F00759004C1441 /* Location.swift in Sources */ = {isa = PBXBuildFile; fileRef = D785B1B628F00759004C1441 /* Location.swift */; };
		D785B1B928F00BAC004C1441 /* ProviderType.swift in Sources */ = {isa = PBXBuildFile; fileRef = D785B1B828F00BAC004C1441 /* ProviderType.swift */; };
		D78E5CE12A16FBD300BB5AC7 /* main.swift in Sources */ = {isa = PBXBuildFile; fileRef = D78E5CE02A16FBD300BB5AC7 /* main.swift */; };
		D78E5CE32A16FF3600BB5AC7 /* TestingAppDelegate.swift in Sources */ = {isa = PBXBuildFile; fileRef = D78E5CE22A16FF3600BB5AC7 /* TestingAppDelegate.swift */; };
		D78E5CE52A16FF6A00BB5AC7 /* TestingSceneDelegate.swift in Sources */ = {isa = PBXBuildFile; fileRef = D78E5CE42A16FF6A00BB5AC7 /* TestingSceneDelegate.swift */; };
		D78E5CE72A16FF9500BB5AC7 /* TestingRootViewController.swift in Sources */ = {isa = PBXBuildFile; fileRef = D78E5CE62A16FF9500BB5AC7 /* TestingRootViewController.swift */; };
		D78E5CE92A172C7300BB5AC7 /* NetworkProviderProtocol.swift in Sources */ = {isa = PBXBuildFile; fileRef = D78E5CE82A172C7300BB5AC7 /* NetworkProviderProtocol.swift */; };
		D78E5CEB2A172E0B00BB5AC7 /* MockNetworkProvider.swift in Sources */ = {isa = PBXBuildFile; fileRef = D78E5CEA2A172E0B00BB5AC7 /* MockNetworkProvider.swift */; };
		D78E5CED2A172F4B00BB5AC7 /* CarsViewModelTests.swift in Sources */ = {isa = PBXBuildFile; fileRef = D78E5CEC2A172F4B00BB5AC7 /* CarsViewModelTests.swift */; };
		D78E5CEF2A185BC200BB5AC7 /* CarsDecoderProtocol.swift in Sources */ = {isa = PBXBuildFile; fileRef = D78E5CEE2A185BC100BB5AC7 /* CarsDecoderProtocol.swift */; };
		D78E5CF12A185BFE00BB5AC7 /* MockCarsDecoder.swift in Sources */ = {isa = PBXBuildFile; fileRef = D78E5CF02A185BFE00BB5AC7 /* MockCarsDecoder.swift */; };
		D7CB91DF28F3A12700D0E946 /* CityDriveCar.swift in Sources */ = {isa = PBXBuildFile; fileRef = D7CB91DE28F3A12700D0E946 /* CityDriveCar.swift */; };
		D7CB91E128F3A59700D0E946 /* CityDriveFeed.swift in Sources */ = {isa = PBXBuildFile; fileRef = D7CB91E028F3A59700D0E946 /* CityDriveFeed.swift */; };
		D7CB91E728F3A9EB00D0E946 /* citydrive.json in Resources */ = {isa = PBXBuildFile; fileRef = D7CB91E628F3A9EB00D0E946 /* citydrive.json */; };
		D7D20E202A1F26310097E6AF /* CarsViewModelTests.swift in Sources */ = {isa = PBXBuildFile; fileRef = D7D20E1F2A1F26310097E6AF /* CarsViewModelTests.swift */; };
		D7D20E222A1F27D90097E6AF /* TestingAppDelegate.swift in Sources */ = {isa = PBXBuildFile; fileRef = D7D20E212A1F27D90097E6AF /* TestingAppDelegate.swift */; };
		D7D20E242A1F28070097E6AF /* TestingSceneDelegate.swift in Sources */ = {isa = PBXBuildFile; fileRef = D7D20E232A1F28070097E6AF /* TestingSceneDelegate.swift */; };
		D7D20E262A1F28380097E6AF /* TestingRootViewController.swift in Sources */ = {isa = PBXBuildFile; fileRef = D7D20E252A1F28380097E6AF /* TestingRootViewController.swift */; };
		D7D20E2A2A1F2DDE0097E6AF /* MockCredentialsProvider.swift in Sources */ = {isa = PBXBuildFile; fileRef = D7D20E292A1F2DDE0097E6AF /* MockCredentialsProvider.swift */; };
		D7D20E2C2A1F30840097E6AF /* YandexCredentials.plist in Resources */ = {isa = PBXBuildFile; fileRef = D7D20E2B2A1F30840097E6AF /* YandexCredentials.plist */; };
		D7D20E2E2A1F42E70097E6AF /* RequestProviderTests.swift in Sources */ = {isa = PBXBuildFile; fileRef = D7D20E2D2A1F42E70097E6AF /* RequestProviderTests.swift */; };
		D7D7DFBF2A1DD54800F3EFDD /* RequestProviderProtocol.swift in Sources */ = {isa = PBXBuildFile; fileRef = D7D7DFBE2A1DD54800F3EFDD /* RequestProviderProtocol.swift */; };
		D7D7DFC12A1DD68C00F3EFDD /* RequestProvider.swift in Sources */ = {isa = PBXBuildFile; fileRef = D7D7DFC02A1DD68C00F3EFDD /* RequestProvider.swift */; };
		D7F1FD4B2902780000B5D783 /* CarAnnotationView.swift in Sources */ = {isa = PBXBuildFile; fileRef = D7F1FD4A2902780000B5D783 /* CarAnnotationView.swift */; };
/* End PBXBuildFile section */

/* Begin PBXContainerItemProxy section */
		D75EB86028EE614E00779690 /* PBXContainerItemProxy */ = {
			isa = PBXContainerItemProxy;
			containerPortal = D75EB84128EE614900779690 /* Project object */;
			proxyType = 1;
			remoteGlobalIDString = D75EB84828EE614900779690;
			remoteInfo = CarSharing;
		};
		D7D20E192A1F25660097E6AF /* PBXContainerItemProxy */ = {
			isa = PBXContainerItemProxy;
			containerPortal = D75EB84128EE614900779690 /* Project object */;
			proxyType = 1;
			remoteGlobalIDString = D75EB84828EE614900779690;
			remoteInfo = CarSharing;
		};
/* End PBXContainerItemProxy section */

/* Begin PBXFileReference section */
		D70AC62C2A15DF4D0010993C /* CarsDecoder.swift */ = {isa = PBXFileReference; lastKnownFileType = sourcecode.swift; path = CarsDecoder.swift; sourceTree = "<group>"; };
		D70AC62E2A15E3650010993C /* Feed.swift */ = {isa = PBXFileReference; lastKnownFileType = sourcecode.swift; path = Feed.swift; sourceTree = "<group>"; };
		D70AC6302A15E5990010993C /* CarError.swift */ = {isa = PBXFileReference; lastKnownFileType = sourcecode.swift; path = CarError.swift; sourceTree = "<group>"; };
		D70AC6322A1605520010993C /* CarsDecoderTests.swift */ = {isa = PBXFileReference; lastKnownFileType = sourcecode.swift; path = CarsDecoderTests.swift; sourceTree = "<group>"; };
		D70AC6342A160AB40010993C /* NetworkProviderTests.swift */ = {isa = PBXFileReference; lastKnownFileType = sourcecode.swift; path = NetworkProviderTests.swift; sourceTree = "<group>"; };
		D75B71072A1DB620002400B9 /* Credentials.swift */ = {isa = PBXFileReference; lastKnownFileType = sourcecode.swift; path = Credentials.swift; sourceTree = "<group>"; };
		D75B710B2A1DBBC4002400B9 /* CredentialsProviderProtocol.swift */ = {isa = PBXFileReference; lastKnownFileType = sourcecode.swift; path = CredentialsProviderProtocol.swift; sourceTree = "<group>"; };
		D75B710D2A1DBCF5002400B9 /* CredentialsProvider.swift */ = {isa = PBXFileReference; lastKnownFileType = sourcecode.swift; path = CredentialsProvider.swift; sourceTree = "<group>"; };
		D75EB84928EE614900779690 /* CarSharing.app */ = {isa = PBXFileReference; explicitFileType = wrapper.application; includeInIndex = 0; path = CarSharing.app; sourceTree = BUILT_PRODUCTS_DIR; };
		D75EB84C28EE614900779690 /* AppDelegate.swift */ = {isa = PBXFileReference; lastKnownFileType = sourcecode.swift; path = AppDelegate.swift; sourceTree = "<group>"; };
		D75EB84E28EE614900779690 /* SceneDelegate.swift */ = {isa = PBXFileReference; lastKnownFileType = sourcecode.swift; path = SceneDelegate.swift; sourceTree = "<group>"; };
		D75EB85028EE614900779690 /* MapViewController.swift */ = {isa = PBXFileReference; lastKnownFileType = sourcecode.swift; path = MapViewController.swift; sourceTree = "<group>"; };
		D75EB85528EE614E00779690 /* Assets.xcassets */ = {isa = PBXFileReference; lastKnownFileType = folder.assetcatalog; path = Assets.xcassets; sourceTree = "<group>"; };
		D75EB85828EE614E00779690 /* Base */ = {isa = PBXFileReference; lastKnownFileType = file.storyboard; name = Base; path = Base.lproj/LaunchScreen.storyboard; sourceTree = "<group>"; };
		D75EB85A28EE614E00779690 /* Info.plist */ = {isa = PBXFileReference; lastKnownFileType = text.plist.xml; path = Info.plist; sourceTree = "<group>"; };
		D75EB85F28EE614E00779690 /* CarSharingTests.xctest */ = {isa = PBXFileReference; explicitFileType = wrapper.cfbundle; includeInIndex = 0; path = CarSharingTests.xctest; sourceTree = BUILT_PRODUCTS_DIR; };
		D75EB87C28EE65F800779690 /* NetworkProvider.swift */ = {isa = PBXFileReference; lastKnownFileType = sourcecode.swift; path = NetworkProvider.swift; sourceTree = "<group>"; };
		D75EB88128EE692A00779690 /* MockURLProtocol.swift */ = {isa = PBXFileReference; lastKnownFileType = sourcecode.swift; path = MockURLProtocol.swift; sourceTree = "<group>"; };
		D75EB88528EE90DD00779690 /* NetworkError.swift */ = {isa = PBXFileReference; lastKnownFileType = sourcecode.swift; path = NetworkError.swift; sourceTree = "<group>"; };
		D768742929022A19000A0084 /* CarAnnotation.swift */ = {isa = PBXFileReference; lastKnownFileType = sourcecode.swift; path = CarAnnotation.swift; sourceTree = "<group>"; };
		D785B1A228EFAFB3004C1441 /* CarsViewModel.swift */ = {isa = PBXFileReference; lastKnownFileType = sourcecode.swift; path = CarsViewModel.swift; sourceTree = "<group>"; };
		D785B1A528EFB3F9004C1441 /* YandexDriveCar.swift */ = {isa = PBXFileReference; lastKnownFileType = sourcecode.swift; path = YandexDriveCar.swift; sourceTree = "<group>"; };
		D785B1A828EFB501004C1441 /* Car.swift */ = {isa = PBXFileReference; lastKnownFileType = sourcecode.swift; path = Car.swift; sourceTree = "<group>"; };
		D785B1B028EFBE44004C1441 /* YandexDriveFeed.swift */ = {isa = PBXFileReference; lastKnownFileType = sourcecode.swift; path = YandexDriveFeed.swift; sourceTree = "<group>"; };
		D785B1B428F00180004C1441 /* yandexdrive.json */ = {isa = PBXFileReference; fileEncoding = 4; lastKnownFileType = text.json; path = yandexdrive.json; sourceTree = "<group>"; };
		D785B1B628F00759004C1441 /* Location.swift */ = {isa = PBXFileReference; lastKnownFileType = sourcecode.swift; path = Location.swift; sourceTree = "<group>"; };
		D785B1B828F00BAC004C1441 /* ProviderType.swift */ = {isa = PBXFileReference; lastKnownFileType = sourcecode.swift; path = ProviderType.swift; sourceTree = "<group>"; };
		D78E5CE02A16FBD300BB5AC7 /* main.swift */ = {isa = PBXFileReference; lastKnownFileType = sourcecode.swift; path = main.swift; sourceTree = "<group>"; };
		D78E5CE22A16FF3600BB5AC7 /* TestingAppDelegate.swift */ = {isa = PBXFileReference; lastKnownFileType = sourcecode.swift; path = TestingAppDelegate.swift; sourceTree = "<group>"; };
		D78E5CE42A16FF6A00BB5AC7 /* TestingSceneDelegate.swift */ = {isa = PBXFileReference; lastKnownFileType = sourcecode.swift; path = TestingSceneDelegate.swift; sourceTree = "<group>"; };
		D78E5CE62A16FF9500BB5AC7 /* TestingRootViewController.swift */ = {isa = PBXFileReference; lastKnownFileType = sourcecode.swift; path = TestingRootViewController.swift; sourceTree = "<group>"; };
		D78E5CE82A172C7300BB5AC7 /* NetworkProviderProtocol.swift */ = {isa = PBXFileReference; lastKnownFileType = sourcecode.swift; path = NetworkProviderProtocol.swift; sourceTree = "<group>"; };
		D78E5CEA2A172E0B00BB5AC7 /* MockNetworkProvider.swift */ = {isa = PBXFileReference; lastKnownFileType = sourcecode.swift; path = MockNetworkProvider.swift; sourceTree = "<group>"; };
		D78E5CEC2A172F4B00BB5AC7 /* CarsViewModelTests.swift */ = {isa = PBXFileReference; lastKnownFileType = sourcecode.swift; path = CarsViewModelTests.swift; sourceTree = "<group>"; };
		D78E5CEE2A185BC100BB5AC7 /* CarsDecoderProtocol.swift */ = {isa = PBXFileReference; lastKnownFileType = sourcecode.swift; path = CarsDecoderProtocol.swift; sourceTree = "<group>"; };
		D78E5CF02A185BFE00BB5AC7 /* MockCarsDecoder.swift */ = {isa = PBXFileReference; lastKnownFileType = sourcecode.swift; path = MockCarsDecoder.swift; sourceTree = "<group>"; };
		D7CB91DE28F3A12700D0E946 /* CityDriveCar.swift */ = {isa = PBXFileReference; lastKnownFileType = sourcecode.swift; path = CityDriveCar.swift; sourceTree = "<group>"; };
		D7CB91E028F3A59700D0E946 /* CityDriveFeed.swift */ = {isa = PBXFileReference; lastKnownFileType = sourcecode.swift; path = CityDriveFeed.swift; sourceTree = "<group>"; };
		D7CB91E628F3A9EB00D0E946 /* citydrive.json */ = {isa = PBXFileReference; fileEncoding = 4; lastKnownFileType = text.json; path = citydrive.json; sourceTree = "<group>"; };
		D7D20E152A1F25660097E6AF /* CarSharingIntegrationTests.xctest */ = {isa = PBXFileReference; explicitFileType = wrapper.cfbundle; includeInIndex = 0; path = CarSharingIntegrationTests.xctest; sourceTree = BUILT_PRODUCTS_DIR; };
		D7D20E1F2A1F26310097E6AF /* CarsViewModelTests.swift */ = {isa = PBXFileReference; lastKnownFileType = sourcecode.swift; path = CarsViewModelTests.swift; sourceTree = "<group>"; };
		D7D20E212A1F27D90097E6AF /* TestingAppDelegate.swift */ = {isa = PBXFileReference; lastKnownFileType = sourcecode.swift; path = TestingAppDelegate.swift; sourceTree = "<group>"; };
		D7D20E232A1F28070097E6AF /* TestingSceneDelegate.swift */ = {isa = PBXFileReference; lastKnownFileType = sourcecode.swift; path = TestingSceneDelegate.swift; sourceTree = "<group>"; };
		D7D20E252A1F28380097E6AF /* TestingRootViewController.swift */ = {isa = PBXFileReference; lastKnownFileType = sourcecode.swift; path = TestingRootViewController.swift; sourceTree = "<group>"; };
		D7D20E292A1F2DDE0097E6AF /* MockCredentialsProvider.swift */ = {isa = PBXFileReference; lastKnownFileType = sourcecode.swift; path = MockCredentialsProvider.swift; sourceTree = "<group>"; };
		D7D20E2B2A1F30840097E6AF /* YandexCredentials.plist */ = {isa = PBXFileReference; lastKnownFileType = text.plist.xml; path = YandexCredentials.plist; sourceTree = "<group>"; };
		D7D20E2D2A1F42E70097E6AF /* RequestProviderTests.swift */ = {isa = PBXFileReference; lastKnownFileType = sourcecode.swift; path = RequestProviderTests.swift; sourceTree = "<group>"; };
		D7D7DFBE2A1DD54800F3EFDD /* RequestProviderProtocol.swift */ = {isa = PBXFileReference; lastKnownFileType = sourcecode.swift; path = RequestProviderProtocol.swift; sourceTree = "<group>"; };
		D7D7DFC02A1DD68C00F3EFDD /* RequestProvider.swift */ = {isa = PBXFileReference; lastKnownFileType = sourcecode.swift; path = RequestProvider.swift; sourceTree = "<group>"; };
		D7F1FD4A2902780000B5D783 /* CarAnnotationView.swift */ = {isa = PBXFileReference; lastKnownFileType = sourcecode.swift; path = CarAnnotationView.swift; sourceTree = "<group>"; };
/* End PBXFileReference section */

/* Begin PBXFrameworksBuildPhase section */
		D75EB84628EE614900779690 /* Frameworks */ = {
			isa = PBXFrameworksBuildPhase;
			buildActionMask = 2147483647;
			files = (
			);
			runOnlyForDeploymentPostprocessing = 0;
		};
		D75EB85C28EE614E00779690 /* Frameworks */ = {
			isa = PBXFrameworksBuildPhase;
			buildActionMask = 2147483647;
			files = (
			);
			runOnlyForDeploymentPostprocessing = 0;
		};
		D7D20E122A1F25660097E6AF /* Frameworks */ = {
			isa = PBXFrameworksBuildPhase;
			buildActionMask = 2147483647;
			files = (
			);
			runOnlyForDeploymentPostprocessing = 0;
		};
/* End PBXFrameworksBuildPhase section */

/* Begin PBXGroup section */
		D754DBDC290B81FB00DC00FA /* Resources */ = {
			isa = PBXGroup;
			children = (
				D75EB85528EE614E00779690 /* Assets.xcassets */,
				D75EB85728EE614E00779690 /* LaunchScreen.storyboard */,
				D75EB85A28EE614E00779690 /* Info.plist */,
			);
			path = Resources;
			sourceTree = "<group>";
		};
		D75EB84028EE614900779690 = {
			isa = PBXGroup;
			children = (
				D75EB84B28EE614900779690 /* CarSharing */,
				D75EB86228EE614E00779690 /* CarSharingTests */,
				D7D20E162A1F25660097E6AF /* CarSharingIntegrationTests */,
				D75EB84A28EE614900779690 /* Products */,
			);
			sourceTree = "<group>";
		};
		D75EB84A28EE614900779690 /* Products */ = {
			isa = PBXGroup;
			children = (
				D75EB84928EE614900779690 /* CarSharing.app */,
				D75EB85F28EE614E00779690 /* CarSharingTests.xctest */,
				D7D20E152A1F25660097E6AF /* CarSharingIntegrationTests.xctest */,
			);
			name = Products;
			sourceTree = "<group>";
		};
		D75EB84B28EE614900779690 /* CarSharing */ = {
			isa = PBXGroup;
			children = (
				D785B1A728EFB405004C1441 /* Protocols */,
				D75EB88328EE90A300779690 /* Services */,
				D75EB88428EE90C100779690 /* Model */,
				D7C5AB752907A9BC00CC60C0 /* View */,
				D785B1A428EFAFB8004C1441 /* ViewModel */,
				D75EB88728EE914E00779690 /* Controller */,
				D754DBDC290B81FB00DC00FA /* Resources */,
				D78E5CE02A16FBD300BB5AC7 /* main.swift */,
				D75EB84C28EE614900779690 /* AppDelegate.swift */,
				D75EB84E28EE614900779690 /* SceneDelegate.swift */,
			);
			path = CarSharing;
			sourceTree = "<group>";
		};
		D75EB86228EE614E00779690 /* CarSharingTests */ = {
			isa = PBXGroup;
			children = (
				D75EB88028EE690700779690 /* Mocks */,
				D70AC6342A160AB40010993C /* NetworkProviderTests.swift */,
				D70AC6322A1605520010993C /* CarsDecoderTests.swift */,
				D78E5CEC2A172F4B00BB5AC7 /* CarsViewModelTests.swift */,
				D7D20E2D2A1F42E70097E6AF /* RequestProviderTests.swift */,
			);
			path = CarSharingTests;
			sourceTree = "<group>";
		};
		D75EB88028EE690700779690 /* Mocks */ = {
			isa = PBXGroup;
			children = (
				D78E5CE62A16FF9500BB5AC7 /* TestingRootViewController.swift */,
				D78E5CE42A16FF6A00BB5AC7 /* TestingSceneDelegate.swift */,
				D78E5CE22A16FF3600BB5AC7 /* TestingAppDelegate.swift */,
				D7CB91E628F3A9EB00D0E946 /* citydrive.json */,
				D785B1B428F00180004C1441 /* yandexdrive.json */,
				D75EB88128EE692A00779690 /* MockURLProtocol.swift */,
				D78E5CEA2A172E0B00BB5AC7 /* MockNetworkProvider.swift */,
				D78E5CF02A185BFE00BB5AC7 /* MockCarsDecoder.swift */,
			);
			path = Mocks;
			sourceTree = "<group>";
		};
		D75EB88328EE90A300779690 /* Services */ = {
			isa = PBXGroup;
			children = (
				D75B710D2A1DBCF5002400B9 /* CredentialsProvider.swift */,
				D7D7DFC02A1DD68C00F3EFDD /* RequestProvider.swift */,
				D75EB87C28EE65F800779690 /* NetworkProvider.swift */,
				D70AC62C2A15DF4D0010993C /* CarsDecoder.swift */,
			);
			path = Services;
			sourceTree = "<group>";
		};
		D75EB88428EE90C100779690 /* Model */ = {
			isa = PBXGroup;
			children = (
				D7CB91DC28F3A0E600D0E946 /* YandexDrive */,
				D7CB91DD28F3A0F600D0E946 /* CityDrive */,
				D78E5CF22A18680D00BB5AC7 /* Errors */,
				D785B1B628F00759004C1441 /* Location.swift */,
				D785B1B828F00BAC004C1441 /* ProviderType.swift */,
				D75B71072A1DB620002400B9 /* Credentials.swift */,
				D768742929022A19000A0084 /* CarAnnotation.swift */,
			);
			path = Model;
			sourceTree = "<group>";
		};
		D75EB88728EE914E00779690 /* Controller */ = {
			isa = PBXGroup;
			children = (
				D75EB85028EE614900779690 /* MapViewController.swift */,
			);
			path = Controller;
			sourceTree = "<group>";
		};
		D785B1A428EFAFB8004C1441 /* ViewModel */ = {
			isa = PBXGroup;
			children = (
				D785B1A228EFAFB3004C1441 /* CarsViewModel.swift */,
			);
			path = ViewModel;
			sourceTree = "<group>";
		};
		D785B1A728EFB405004C1441 /* Protocols */ = {
			isa = PBXGroup;
			children = (
				D785B1A828EFB501004C1441 /* Car.swift */,
				D70AC62E2A15E3650010993C /* Feed.swift */,
				D75B710B2A1DBBC4002400B9 /* CredentialsProviderProtocol.swift */,
				D7D7DFBE2A1DD54800F3EFDD /* RequestProviderProtocol.swift */,
				D78E5CE82A172C7300BB5AC7 /* NetworkProviderProtocol.swift */,
				D78E5CEE2A185BC100BB5AC7 /* CarsDecoderProtocol.swift */,
			);
			path = Protocols;
			sourceTree = "<group>";
		};
		D78E5CF22A18680D00BB5AC7 /* Errors */ = {
			isa = PBXGroup;
			children = (
				D75EB88528EE90DD00779690 /* NetworkError.swift */,
				D70AC6302A15E5990010993C /* CarError.swift */,
			);
			path = Errors;
			sourceTree = "<group>";
		};
		D7C5AB752907A9BC00CC60C0 /* View */ = {
			isa = PBXGroup;
			children = (
				D7F1FD4A2902780000B5D783 /* CarAnnotationView.swift */,
			);
			path = View;
			sourceTree = "<group>";
		};
		D7CB91DC28F3A0E600D0E946 /* YandexDrive */ = {
			isa = PBXGroup;
			children = (
				D785B1A528EFB3F9004C1441 /* YandexDriveCar.swift */,
				D785B1B028EFBE44004C1441 /* YandexDriveFeed.swift */,
			);
			path = YandexDrive;
			sourceTree = "<group>";
		};
		D7CB91DD28F3A0F600D0E946 /* CityDrive */ = {
			isa = PBXGroup;
			children = (
				D7CB91DE28F3A12700D0E946 /* CityDriveCar.swift */,
				D7CB91E028F3A59700D0E946 /* CityDriveFeed.swift */,
			);
			path = CityDrive;
			sourceTree = "<group>";
		};
		D7D20E162A1F25660097E6AF /* CarSharingIntegrationTests */ = {
			isa = PBXGroup;
			children = (
				D7D20E1E2A1F25960097E6AF /* Mocks */,
				D7D20E1F2A1F26310097E6AF /* CarsViewModelTests.swift */,
			);
			path = CarSharingIntegrationTests;
			sourceTree = "<group>";
		};
		D7D20E1E2A1F25960097E6AF /* Mocks */ = {
			isa = PBXGroup;
			children = (
				D7D20E252A1F28380097E6AF /* TestingRootViewController.swift */,
				D7D20E232A1F28070097E6AF /* TestingSceneDelegate.swift */,
				D7D20E212A1F27D90097E6AF /* TestingAppDelegate.swift */,
				D7D20E292A1F2DDE0097E6AF /* MockCredentialsProvider.swift */,
				D7D20E2B2A1F30840097E6AF /* YandexCredentials.plist */,
			);
			path = Mocks;
			sourceTree = "<group>";
		};
/* End PBXGroup section */

/* Begin PBXNativeTarget section */
		D75EB84828EE614900779690 /* CarSharing */ = {
			isa = PBXNativeTarget;
			buildConfigurationList = D75EB87328EE614F00779690 /* Build configuration list for PBXNativeTarget "CarSharing" */;
			buildPhases = (
				D75EB84528EE614900779690 /* Sources */,
				D75EB84628EE614900779690 /* Frameworks */,
				D75EB84728EE614900779690 /* Resources */,
				D70AC62B2A15BE840010993C /* ShellScript */,
			);
			buildRules = (
			);
			dependencies = (
			);
			name = CarSharing;
			productName = CarSharing;
			productReference = D75EB84928EE614900779690 /* CarSharing.app */;
			productType = "com.apple.product-type.application";
		};
		D75EB85E28EE614E00779690 /* CarSharingTests */ = {
			isa = PBXNativeTarget;
			buildConfigurationList = D75EB87628EE614F00779690 /* Build configuration list for PBXNativeTarget "CarSharingTests" */;
			buildPhases = (
				D75EB85B28EE614E00779690 /* Sources */,
				D75EB85C28EE614E00779690 /* Frameworks */,
				D75EB85D28EE614E00779690 /* Resources */,
			);
			buildRules = (
			);
			dependencies = (
				D75EB86128EE614E00779690 /* PBXTargetDependency */,
			);
			name = CarSharingTests;
			productName = CarSharingTests;
			productReference = D75EB85F28EE614E00779690 /* CarSharingTests.xctest */;
			productType = "com.apple.product-type.bundle.unit-test";
		};
		D7D20E142A1F25660097E6AF /* CarSharingIntegrationTests */ = {
			isa = PBXNativeTarget;
			buildConfigurationList = D7D20E1D2A1F25670097E6AF /* Build configuration list for PBXNativeTarget "CarSharingIntegrationTests" */;
			buildPhases = (
				D7D20E112A1F25660097E6AF /* Sources */,
				D7D20E122A1F25660097E6AF /* Frameworks */,
				D7D20E132A1F25660097E6AF /* Resources */,
			);
			buildRules = (
			);
			dependencies = (
				D7D20E1A2A1F25660097E6AF /* PBXTargetDependency */,
			);
			name = CarSharingIntegrationTests;
			productName = CarSharingIntegrationTests;
			productReference = D7D20E152A1F25660097E6AF /* CarSharingIntegrationTests.xctest */;
			productType = "com.apple.product-type.bundle.unit-test";
		};
/* End PBXNativeTarget section */

/* Begin PBXProject section */
		D75EB84128EE614900779690 /* Project object */ = {
			isa = PBXProject;
			attributes = {
				BuildIndependentTargetsInParallel = 1;
				LastSwiftUpdateCheck = 1430;
				LastUpgradeCheck = 1320;
				TargetAttributes = {
					D75EB84828EE614900779690 = {
						CreatedOnToolsVersion = 13.2.1;
					};
					D75EB85E28EE614E00779690 = {
						CreatedOnToolsVersion = 13.2.1;
						TestTargetID = D75EB84828EE614900779690;
					};
					D7D20E142A1F25660097E6AF = {
						CreatedOnToolsVersion = 14.3;
						TestTargetID = D75EB84828EE614900779690;
					};
				};
			};
			buildConfigurationList = D75EB84428EE614900779690 /* Build configuration list for PBXProject "CarSharing" */;
			compatibilityVersion = "Xcode 13.0";
			developmentRegion = en;
			hasScannedForEncodings = 0;
			knownRegions = (
				en,
				Base,
			);
			mainGroup = D75EB84028EE614900779690;
			productRefGroup = D75EB84A28EE614900779690 /* Products */;
			projectDirPath = "";
			projectRoot = "";
			targets = (
				D75EB84828EE614900779690 /* CarSharing */,
				D75EB85E28EE614E00779690 /* CarSharingTests */,
				D7D20E142A1F25660097E6AF /* CarSharingIntegrationTests */,
			);
		};
/* End PBXProject section */

/* Begin PBXResourcesBuildPhase section */
		D75EB84728EE614900779690 /* Resources */ = {
			isa = PBXResourcesBuildPhase;
			buildActionMask = 2147483647;
			files = (
				D75EB85928EE614E00779690 /* LaunchScreen.storyboard in Resources */,
				D75EB85628EE614E00779690 /* Assets.xcassets in Resources */,
			);
			runOnlyForDeploymentPostprocessing = 0;
		};
		D75EB85D28EE614E00779690 /* Resources */ = {
			isa = PBXResourcesBuildPhase;
			buildActionMask = 2147483647;
			files = (
				D785B1B528F00180004C1441 /* yandexdrive.json in Resources */,
				D7CB91E728F3A9EB00D0E946 /* citydrive.json in Resources */,
			);
			runOnlyForDeploymentPostprocessing = 0;
		};
		D7D20E132A1F25660097E6AF /* Resources */ = {
			isa = PBXResourcesBuildPhase;
			buildActionMask = 2147483647;
			files = (
				D7D20E2C2A1F30840097E6AF /* YandexCredentials.plist in Resources */,
			);
			runOnlyForDeploymentPostprocessing = 0;
		};
/* End PBXResourcesBuildPhase section */

/* Begin PBXShellScriptBuildPhase section */
		D70AC62B2A15BE840010993C /* ShellScript */ = {
			isa = PBXShellScriptBuildPhase;
			buildActionMask = 2147483647;
			files = (
			);
			inputFileListPaths = (
			);
			inputPaths = (
			);
			outputFileListPaths = (
			);
			outputPaths = (
			);
			runOnlyForDeploymentPostprocessing = 0;
			shellPath = /bin/sh;
			shellScript = "if which swiftlint > /dev/null; then\n    swiftlint\nelse\n    echo \"error: SwiftLint does not exist!\"\n    exit 1\nfi\n";
		};
/* End PBXShellScriptBuildPhase section */

/* Begin PBXSourcesBuildPhase section */
		D75EB84528EE614900779690 /* Sources */ = {
			isa = PBXSourcesBuildPhase;
			buildActionMask = 2147483647;
			files = (
				D7D7DFBF2A1DD54800F3EFDD /* RequestProviderProtocol.swift in Sources */,
				D75EB85128EE614900779690 /* MapViewController.swift in Sources */,
				D785B1A328EFAFB3004C1441 /* CarsViewModel.swift in Sources */,
				D785B1B928F00BAC004C1441 /* ProviderType.swift in Sources */,
				D70AC62D2A15DF4D0010993C /* CarsDecoder.swift in Sources */,
				D78E5CEF2A185BC200BB5AC7 /* CarsDecoderProtocol.swift in Sources */,
				D785B1A928EFB501004C1441 /* Car.swift in Sources */,
				D7CB91E128F3A59700D0E946 /* CityDriveFeed.swift in Sources */,
				D7F1FD4B2902780000B5D783 /* CarAnnotationView.swift in Sources */,
				D75EB84D28EE614900779690 /* AppDelegate.swift in Sources */,
				D78E5CE92A172C7300BB5AC7 /* NetworkProviderProtocol.swift in Sources */,
				D70AC62F2A15E3650010993C /* Feed.swift in Sources */,
				D70AC6312A15E5990010993C /* CarError.swift in Sources */,
				D7CB91DF28F3A12700D0E946 /* CityDriveCar.swift in Sources */,
				D75B710E2A1DBCF5002400B9 /* CredentialsProvider.swift in Sources */,
				D7D7DFC12A1DD68C00F3EFDD /* RequestProvider.swift in Sources */,
				D785B1B728F00759004C1441 /* Location.swift in Sources */,
				D768742A29022A19000A0084 /* CarAnnotation.swift in Sources */,
				D75EB84F28EE614900779690 /* SceneDelegate.swift in Sources */,
				D75EB87D28EE65F800779690 /* NetworkProvider.swift in Sources */,
				D75B71082A1DB620002400B9 /* Credentials.swift in Sources */,
				D785B1A628EFB3F9004C1441 /* YandexDriveCar.swift in Sources */,
				D78E5CE12A16FBD300BB5AC7 /* main.swift in Sources */,
				D75B710C2A1DBBC4002400B9 /* CredentialsProviderProtocol.swift in Sources */,
				D75EB88628EE90DD00779690 /* NetworkError.swift in Sources */,
				D785B1B128EFBE44004C1441 /* YandexDriveFeed.swift in Sources */,
			);
			runOnlyForDeploymentPostprocessing = 0;
		};
		D75EB85B28EE614E00779690 /* Sources */ = {
			isa = PBXSourcesBuildPhase;
			buildActionMask = 2147483647;
			files = (
				D7D20E2E2A1F42E70097E6AF /* RequestProviderTests.swift in Sources */,
				D75EB88228EE692A00779690 /* MockURLProtocol.swift in Sources */,
				D78E5CE32A16FF3600BB5AC7 /* TestingAppDelegate.swift in Sources */,
				D78E5CE52A16FF6A00BB5AC7 /* TestingSceneDelegate.swift in Sources */,
				D78E5CED2A172F4B00BB5AC7 /* CarsViewModelTests.swift in Sources */,
				D70AC6352A160AB40010993C /* NetworkProviderTests.swift in Sources */,
				D78E5CF12A185BFE00BB5AC7 /* MockCarsDecoder.swift in Sources */,
				D78E5CEB2A172E0B00BB5AC7 /* MockNetworkProvider.swift in Sources */,
				D70AC6332A1605520010993C /* CarsDecoderTests.swift in Sources */,
				D78E5CE72A16FF9500BB5AC7 /* TestingRootViewController.swift in Sources */,
			);
			runOnlyForDeploymentPostprocessing = 0;
		};
		D7D20E112A1F25660097E6AF /* Sources */ = {
			isa = PBXSourcesBuildPhase;
			buildActionMask = 2147483647;
			files = (
				D7D20E242A1F28070097E6AF /* TestingSceneDelegate.swift in Sources */,
				D7D20E2A2A1F2DDE0097E6AF /* MockCredentialsProvider.swift in Sources */,
				D7D20E222A1F27D90097E6AF /* TestingAppDelegate.swift in Sources */,
				D7D20E262A1F28380097E6AF /* TestingRootViewController.swift in Sources */,
				D7D20E202A1F26310097E6AF /* CarsViewModelTests.swift in Sources */,
			);
			runOnlyForDeploymentPostprocessing = 0;
		};
/* End PBXSourcesBuildPhase section */

/* Begin PBXTargetDependency section */
		D75EB86128EE614E00779690 /* PBXTargetDependency */ = {
			isa = PBXTargetDependency;
			target = D75EB84828EE614900779690 /* CarSharing */;
			targetProxy = D75EB86028EE614E00779690 /* PBXContainerItemProxy */;
		};
		D7D20E1A2A1F25660097E6AF /* PBXTargetDependency */ = {
			isa = PBXTargetDependency;
			target = D75EB84828EE614900779690 /* CarSharing */;
			targetProxy = D7D20E192A1F25660097E6AF /* PBXContainerItemProxy */;
		};
/* End PBXTargetDependency section */

/* Begin PBXVariantGroup section */
		D75EB85728EE614E00779690 /* LaunchScreen.storyboard */ = {
			isa = PBXVariantGroup;
			children = (
				D75EB85828EE614E00779690 /* Base */,
			);
			name = LaunchScreen.storyboard;
			sourceTree = "<group>";
		};
/* End PBXVariantGroup section */

/* Begin XCBuildConfiguration section */
		D75EB87128EE614F00779690 /* Debug */ = {
			isa = XCBuildConfiguration;
			buildSettings = {
				ALWAYS_SEARCH_USER_PATHS = NO;
				CLANG_ANALYZER_NONNULL = YES;
				CLANG_ANALYZER_NUMBER_OBJECT_CONVERSION = YES_AGGRESSIVE;
				CLANG_CXX_LANGUAGE_STANDARD = "gnu++17";
				CLANG_CXX_LIBRARY = "libc++";
				CLANG_ENABLE_MODULES = YES;
				CLANG_ENABLE_OBJC_ARC = YES;
				CLANG_ENABLE_OBJC_WEAK = YES;
				CLANG_WARN_BLOCK_CAPTURE_AUTORELEASING = YES;
				CLANG_WARN_BOOL_CONVERSION = YES;
				CLANG_WARN_COMMA = YES;
				CLANG_WARN_CONSTANT_CONVERSION = YES;
				CLANG_WARN_DEPRECATED_OBJC_IMPLEMENTATIONS = YES;
				CLANG_WARN_DIRECT_OBJC_ISA_USAGE = YES_ERROR;
				CLANG_WARN_DOCUMENTATION_COMMENTS = YES;
				CLANG_WARN_EMPTY_BODY = YES;
				CLANG_WARN_ENUM_CONVERSION = YES;
				CLANG_WARN_INFINITE_RECURSION = YES;
				CLANG_WARN_INT_CONVERSION = YES;
				CLANG_WARN_NON_LITERAL_NULL_CONVERSION = YES;
				CLANG_WARN_OBJC_IMPLICIT_RETAIN_SELF = YES;
				CLANG_WARN_OBJC_LITERAL_CONVERSION = YES;
				CLANG_WARN_OBJC_ROOT_CLASS = YES_ERROR;
				CLANG_WARN_QUOTED_INCLUDE_IN_FRAMEWORK_HEADER = YES;
				CLANG_WARN_RANGE_LOOP_ANALYSIS = YES;
				CLANG_WARN_STRICT_PROTOTYPES = YES;
				CLANG_WARN_SUSPICIOUS_MOVE = YES;
				CLANG_WARN_UNGUARDED_AVAILABILITY = YES_AGGRESSIVE;
				CLANG_WARN_UNREACHABLE_CODE = YES;
				CLANG_WARN__DUPLICATE_METHOD_MATCH = YES;
				COPY_PHASE_STRIP = NO;
				DEBUG_INFORMATION_FORMAT = dwarf;
				ENABLE_STRICT_OBJC_MSGSEND = YES;
				ENABLE_TESTABILITY = YES;
				GCC_C_LANGUAGE_STANDARD = gnu11;
				GCC_DYNAMIC_NO_PIC = NO;
				GCC_NO_COMMON_BLOCKS = YES;
				GCC_OPTIMIZATION_LEVEL = 0;
				GCC_PREPROCESSOR_DEFINITIONS = (
					"DEBUG=1",
					"$(inherited)",
				);
				GCC_WARN_64_TO_32_BIT_CONVERSION = YES;
				GCC_WARN_ABOUT_RETURN_TYPE = YES_ERROR;
				GCC_WARN_UNDECLARED_SELECTOR = YES;
				GCC_WARN_UNINITIALIZED_AUTOS = YES_AGGRESSIVE;
				GCC_WARN_UNUSED_FUNCTION = YES;
				GCC_WARN_UNUSED_VARIABLE = YES;
				IPHONEOS_DEPLOYMENT_TARGET = 15.2;
				MTL_ENABLE_DEBUG_INFO = INCLUDE_SOURCE;
				MTL_FAST_MATH = YES;
				ONLY_ACTIVE_ARCH = YES;
				SDKROOT = iphoneos;
				SWIFT_ACTIVE_COMPILATION_CONDITIONS = DEBUG;
				SWIFT_OPTIMIZATION_LEVEL = "-Onone";
			};
			name = Debug;
		};
		D75EB87228EE614F00779690 /* Release */ = {
			isa = XCBuildConfiguration;
			buildSettings = {
				ALWAYS_SEARCH_USER_PATHS = NO;
				CLANG_ANALYZER_NONNULL = YES;
				CLANG_ANALYZER_NUMBER_OBJECT_CONVERSION = YES_AGGRESSIVE;
				CLANG_CXX_LANGUAGE_STANDARD = "gnu++17";
				CLANG_CXX_LIBRARY = "libc++";
				CLANG_ENABLE_MODULES = YES;
				CLANG_ENABLE_OBJC_ARC = YES;
				CLANG_ENABLE_OBJC_WEAK = YES;
				CLANG_WARN_BLOCK_CAPTURE_AUTORELEASING = YES;
				CLANG_WARN_BOOL_CONVERSION = YES;
				CLANG_WARN_COMMA = YES;
				CLANG_WARN_CONSTANT_CONVERSION = YES;
				CLANG_WARN_DEPRECATED_OBJC_IMPLEMENTATIONS = YES;
				CLANG_WARN_DIRECT_OBJC_ISA_USAGE = YES_ERROR;
				CLANG_WARN_DOCUMENTATION_COMMENTS = YES;
				CLANG_WARN_EMPTY_BODY = YES;
				CLANG_WARN_ENUM_CONVERSION = YES;
				CLANG_WARN_INFINITE_RECURSION = YES;
				CLANG_WARN_INT_CONVERSION = YES;
				CLANG_WARN_NON_LITERAL_NULL_CONVERSION = YES;
				CLANG_WARN_OBJC_IMPLICIT_RETAIN_SELF = YES;
				CLANG_WARN_OBJC_LITERAL_CONVERSION = YES;
				CLANG_WARN_OBJC_ROOT_CLASS = YES_ERROR;
				CLANG_WARN_QUOTED_INCLUDE_IN_FRAMEWORK_HEADER = YES;
				CLANG_WARN_RANGE_LOOP_ANALYSIS = YES;
				CLANG_WARN_STRICT_PROTOTYPES = YES;
				CLANG_WARN_SUSPICIOUS_MOVE = YES;
				CLANG_WARN_UNGUARDED_AVAILABILITY = YES_AGGRESSIVE;
				CLANG_WARN_UNREACHABLE_CODE = YES;
				CLANG_WARN__DUPLICATE_METHOD_MATCH = YES;
				COPY_PHASE_STRIP = NO;
				DEBUG_INFORMATION_FORMAT = "dwarf-with-dsym";
				ENABLE_NS_ASSERTIONS = NO;
				ENABLE_STRICT_OBJC_MSGSEND = YES;
				GCC_C_LANGUAGE_STANDARD = gnu11;
				GCC_NO_COMMON_BLOCKS = YES;
				GCC_WARN_64_TO_32_BIT_CONVERSION = YES;
				GCC_WARN_ABOUT_RETURN_TYPE = YES_ERROR;
				GCC_WARN_UNDECLARED_SELECTOR = YES;
				GCC_WARN_UNINITIALIZED_AUTOS = YES_AGGRESSIVE;
				GCC_WARN_UNUSED_FUNCTION = YES;
				GCC_WARN_UNUSED_VARIABLE = YES;
				IPHONEOS_DEPLOYMENT_TARGET = 15.2;
				MTL_ENABLE_DEBUG_INFO = NO;
				MTL_FAST_MATH = YES;
				SDKROOT = iphoneos;
				SWIFT_COMPILATION_MODE = wholemodule;
				SWIFT_OPTIMIZATION_LEVEL = "-O";
				VALIDATE_PRODUCT = YES;
			};
			name = Release;
		};
		D75EB87428EE614F00779690 /* Debug */ = {
			isa = XCBuildConfiguration;
			buildSettings = {
				ASSETCATALOG_COMPILER_APPICON_NAME = AppIcon;
				ASSETCATALOG_COMPILER_GLOBAL_ACCENT_COLOR_NAME = AccentColor;
				CODE_SIGN_STYLE = Automatic;
				CURRENT_PROJECT_VERSION = 1;
				DEVELOPMENT_TEAM = 973295K87L;
				GENERATE_INFOPLIST_FILE = YES;
				INFOPLIST_FILE = CarSharing/Resources/Info.plist;
				INFOPLIST_KEY_UIApplicationSupportsIndirectInputEvents = YES;
				INFOPLIST_KEY_UILaunchStoryboardName = LaunchScreen;
				INFOPLIST_KEY_UISupportedInterfaceOrientations_iPad = "UIInterfaceOrientationPortrait UIInterfaceOrientationPortraitUpsideDown UIInterfaceOrientationLandscapeLeft UIInterfaceOrientationLandscapeRight";
				INFOPLIST_KEY_UISupportedInterfaceOrientations_iPhone = "UIInterfaceOrientationPortrait UIInterfaceOrientationLandscapeLeft UIInterfaceOrientationLandscapeRight";
				LD_RUNPATH_SEARCH_PATHS = (
					"$(inherited)",
					"@executable_path/Frameworks",
				);
				MARKETING_VERSION = 1.0;
				PRODUCT_BUNDLE_IDENTIFIER = com.motodolphin.CarSharing;
				PRODUCT_NAME = "$(TARGET_NAME)";
				SWIFT_EMIT_LOC_STRINGS = YES;
				SWIFT_VERSION = 5.0;
				TARGETED_DEVICE_FAMILY = 1;
			};
			name = Debug;
		};
		D75EB87528EE614F00779690 /* Release */ = {
			isa = XCBuildConfiguration;
			buildSettings = {
				ASSETCATALOG_COMPILER_APPICON_NAME = AppIcon;
				ASSETCATALOG_COMPILER_GLOBAL_ACCENT_COLOR_NAME = AccentColor;
				CODE_SIGN_STYLE = Automatic;
				CURRENT_PROJECT_VERSION = 1;
				DEVELOPMENT_TEAM = 973295K87L;
				GENERATE_INFOPLIST_FILE = YES;
				INFOPLIST_FILE = CarSharing/Resources/Info.plist;
				INFOPLIST_KEY_UIApplicationSupportsIndirectInputEvents = YES;
				INFOPLIST_KEY_UILaunchStoryboardName = LaunchScreen;
				INFOPLIST_KEY_UISupportedInterfaceOrientations_iPad = "UIInterfaceOrientationPortrait UIInterfaceOrientationPortraitUpsideDown UIInterfaceOrientationLandscapeLeft UIInterfaceOrientationLandscapeRight";
				INFOPLIST_KEY_UISupportedInterfaceOrientations_iPhone = "UIInterfaceOrientationPortrait UIInterfaceOrientationLandscapeLeft UIInterfaceOrientationLandscapeRight";
				LD_RUNPATH_SEARCH_PATHS = (
					"$(inherited)",
					"@executable_path/Frameworks",
				);
				MARKETING_VERSION = 1.0;
				PRODUCT_BUNDLE_IDENTIFIER = com.motodolphin.CarSharing;
				PRODUCT_NAME = "$(TARGET_NAME)";
				SWIFT_EMIT_LOC_STRINGS = YES;
				SWIFT_VERSION = 5.0;
				TARGETED_DEVICE_FAMILY = 1;
			};
			name = Release;
		};
		D75EB87728EE614F00779690 /* Debug */ = {
			isa = XCBuildConfiguration;
			buildSettings = {
				ALWAYS_EMBED_SWIFT_STANDARD_LIBRARIES = YES;
				BUNDLE_LOADER = "$(TEST_HOST)";
				CODE_SIGN_STYLE = Automatic;
				CURRENT_PROJECT_VERSION = 1;
				DEVELOPMENT_TEAM = 973295K87L;
				GENERATE_INFOPLIST_FILE = YES;
				IPHONEOS_DEPLOYMENT_TARGET = 15.2;
				MARKETING_VERSION = 1.0;
				PRODUCT_BUNDLE_IDENTIFIER = com.motodolphin.CarSharingTests;
				PRODUCT_NAME = "$(TARGET_NAME)";
				SWIFT_EMIT_LOC_STRINGS = NO;
				SWIFT_VERSION = 5.0;
				TARGETED_DEVICE_FAMILY = "1,2";
				TEST_HOST = "$(BUILT_PRODUCTS_DIR)/CarSharing.app/CarSharing";
			};
			name = Debug;
		};
		D75EB87828EE614F00779690 /* Release */ = {
			isa = XCBuildConfiguration;
			buildSettings = {
				ALWAYS_EMBED_SWIFT_STANDARD_LIBRARIES = YES;
				BUNDLE_LOADER = "$(TEST_HOST)";
				CODE_SIGN_STYLE = Automatic;
				CURRENT_PROJECT_VERSION = 1;
				DEVELOPMENT_TEAM = 973295K87L;
				GENERATE_INFOPLIST_FILE = YES;
				IPHONEOS_DEPLOYMENT_TARGET = 15.2;
				MARKETING_VERSION = 1.0;
				PRODUCT_BUNDLE_IDENTIFIER = com.motodolphin.CarSharingTests;
				PRODUCT_NAME = "$(TARGET_NAME)";
				SWIFT_EMIT_LOC_STRINGS = NO;
				SWIFT_VERSION = 5.0;
				TARGETED_DEVICE_FAMILY = "1,2";
				TEST_HOST = "$(BUILT_PRODUCTS_DIR)/CarSharing.app/CarSharing";
			};
			name = Release;
		};
		D7D20E1B2A1F25670097E6AF /* Debug */ = {
			isa = XCBuildConfiguration;
			buildSettings = {
				BUNDLE_LOADER = "$(TEST_HOST)";
				CLANG_CXX_LANGUAGE_STANDARD = "gnu++20";
				CODE_SIGN_STYLE = Automatic;
				CURRENT_PROJECT_VERSION = 1;
				DEVELOPMENT_TEAM = 973295K87L;
				GENERATE_INFOPLIST_FILE = YES;
				IPHONEOS_DEPLOYMENT_TARGET = 15.2;
				MACOSX_DEPLOYMENT_TARGET = 13.3;
				MARKETING_VERSION = 1.0;
				PRODUCT_BUNDLE_IDENTIFIER = com.motodolphin.CarSharingIntegrationTests;
				PRODUCT_NAME = "$(TARGET_NAME)";
				SDKROOT = auto;
				SUPPORTED_PLATFORMS = "iphoneos iphonesimulator";
				SUPPORTS_MACCATALYST = NO;
				SUPPORTS_MAC_DESIGNED_FOR_IPHONE_IPAD = NO;
				SWIFT_EMIT_LOC_STRINGS = NO;
				SWIFT_VERSION = 5.0;
				TARGETED_DEVICE_FAMILY = "1,2";
				TEST_HOST = "$(BUILT_PRODUCTS_DIR)/CarSharing.app/$(BUNDLE_EXECUTABLE_FOLDER_PATH)/CarSharing";
			};
			name = Debug;
		};
		D7D20E1C2A1F25670097E6AF /* Release */ = {
			isa = XCBuildConfiguration;
			buildSettings = {
				BUNDLE_LOADER = "$(TEST_HOST)";
				CLANG_CXX_LANGUAGE_STANDARD = "gnu++20";
				CODE_SIGN_STYLE = Automatic;
				CURRENT_PROJECT_VERSION = 1;
				DEVELOPMENT_TEAM = 973295K87L;
				GENERATE_INFOPLIST_FILE = YES;
				IPHONEOS_DEPLOYMENT_TARGET = 15.2;
				MACOSX_DEPLOYMENT_TARGET = 13.3;
				MARKETING_VERSION = 1.0;
				PRODUCT_BUNDLE_IDENTIFIER = com.motodolphin.CarSharingIntegrationTests;
				PRODUCT_NAME = "$(TARGET_NAME)";
				SDKROOT = auto;
				SUPPORTED_PLATFORMS = "iphoneos iphonesimulator";
				SUPPORTS_MACCATALYST = NO;
				SUPPORTS_MAC_DESIGNED_FOR_IPHONE_IPAD = NO;
				SWIFT_EMIT_LOC_STRINGS = NO;
				SWIFT_VERSION = 5.0;
				TARGETED_DEVICE_FAMILY = "1,2";
				TEST_HOST = "$(BUILT_PRODUCTS_DIR)/CarSharing.app/$(BUNDLE_EXECUTABLE_FOLDER_PATH)/CarSharing";
			};
			name = Release;
		};
/* End XCBuildConfiguration section */

/* Begin XCConfigurationList section */
		D75EB84428EE614900779690 /* Build configuration list for PBXProject "CarSharing" */ = {
			isa = XCConfigurationList;
			buildConfigurations = (
				D75EB87128EE614F00779690 /* Debug */,
				D75EB87228EE614F00779690 /* Release */,
			);
			defaultConfigurationIsVisible = 0;
			defaultConfigurationName = Release;
		};
		D75EB87328EE614F00779690 /* Build configuration list for PBXNativeTarget "CarSharing" */ = {
			isa = XCConfigurationList;
			buildConfigurations = (
				D75EB87428EE614F00779690 /* Debug */,
				D75EB87528EE614F00779690 /* Release */,
			);
			defaultConfigurationIsVisible = 0;
			defaultConfigurationName = Release;
		};
		D75EB87628EE614F00779690 /* Build configuration list for PBXNativeTarget "CarSharingTests" */ = {
			isa = XCConfigurationList;
			buildConfigurations = (
				D75EB87728EE614F00779690 /* Debug */,
				D75EB87828EE614F00779690 /* Release */,
			);
			defaultConfigurationIsVisible = 0;
			defaultConfigurationName = Release;
		};
		D7D20E1D2A1F25670097E6AF /* Build configuration list for PBXNativeTarget "CarSharingIntegrationTests" */ = {
			isa = XCConfigurationList;
			buildConfigurations = (
				D7D20E1B2A1F25670097E6AF /* Debug */,
				D7D20E1C2A1F25670097E6AF /* Release */,
			);
			defaultConfigurationIsVisible = 0;
			defaultConfigurationName = Release;
		};
/* End XCConfigurationList section */
	};
	rootObject = D75EB84128EE614900779690 /* Project object */;
}
