// !$*UTF8*$!
{
	archiveVersion = 1;
	classes = {
	};
	objectVersion = 55;
	objects = {

/* Begin PBXBuildFile section */
		D75EB84D28EE614900779690 /* AppDelegate.swift in Sources */ = {isa = PBXBuildFile; fileRef = D75EB84C28EE614900779690 /* AppDelegate.swift */; };
		D75EB84F28EE614900779690 /* SceneDelegate.swift in Sources */ = {isa = PBXBuildFile; fileRef = D75EB84E28EE614900779690 /* SceneDelegate.swift */; };
		D75EB85128EE614900779690 /* MapViewController.swift in Sources */ = {isa = PBXBuildFile; fileRef = D75EB85028EE614900779690 /* MapViewController.swift */; };
		D75EB85628EE614E00779690 /* Assets.xcassets in Resources */ = {isa = PBXBuildFile; fileRef = D75EB85528EE614E00779690 /* Assets.xcassets */; };
		D75EB85928EE614E00779690 /* LaunchScreen.storyboard in Resources */ = {isa = PBXBuildFile; fileRef = D75EB85728EE614E00779690 /* LaunchScreen.storyboard */; };
		D75EB87D28EE65F800779690 /* ApiClient.swift in Sources */ = {isa = PBXBuildFile; fileRef = D75EB87C28EE65F800779690 /* ApiClient.swift */; };
		D75EB87F28EE676000779690 /* ApiClientTests.swift in Sources */ = {isa = PBXBuildFile; fileRef = D75EB87E28EE676000779690 /* ApiClientTests.swift */; };
		D75EB88228EE692A00779690 /* MockURLProtocol.swift in Sources */ = {isa = PBXBuildFile; fileRef = D75EB88128EE692A00779690 /* MockURLProtocol.swift */; };
		D75EB88628EE90DD00779690 /* NetworkError.swift in Sources */ = {isa = PBXBuildFile; fileRef = D75EB88528EE90DD00779690 /* NetworkError.swift */; };
		D785B1A328EFAFB3004C1441 /* CarsViewModel.swift in Sources */ = {isa = PBXBuildFile; fileRef = D785B1A228EFAFB3004C1441 /* CarsViewModel.swift */; };
		D785B1A628EFB3F9004C1441 /* YandexDriveCar.swift in Sources */ = {isa = PBXBuildFile; fileRef = D785B1A528EFB3F9004C1441 /* YandexDriveCar.swift */; };
		D785B1A928EFB501004C1441 /* Car.swift in Sources */ = {isa = PBXBuildFile; fileRef = D785B1A828EFB501004C1441 /* Car.swift */; };
		D785B1AB28EFB552004C1441 /* YandexDriveCarsharing.swift in Sources */ = {isa = PBXBuildFile; fileRef = D785B1AA28EFB552004C1441 /* YandexDriveCarsharing.swift */; };
		D785B1AD28EFB56A004C1441 /* CarsharingProvider.swift in Sources */ = {isa = PBXBuildFile; fileRef = D785B1AC28EFB56A004C1441 /* CarsharingProvider.swift */; };
		D785B1AF28EFB622004C1441 /* ApiClientProtocol.swift in Sources */ = {isa = PBXBuildFile; fileRef = D785B1AE28EFB622004C1441 /* ApiClientProtocol.swift */; };
		D785B1B128EFBE44004C1441 /* YandexDriveFeed.swift in Sources */ = {isa = PBXBuildFile; fileRef = D785B1B028EFBE44004C1441 /* YandexDriveFeed.swift */; };
		D785B1B328EFD2B2004C1441 /* YandexDriveCarsharingTests.swift in Sources */ = {isa = PBXBuildFile; fileRef = D785B1B228EFD2B2004C1441 /* YandexDriveCarsharingTests.swift */; };
		D785B1B528F00180004C1441 /* stable.carsharing.yandex.net-list.json in Resources */ = {isa = PBXBuildFile; fileRef = D785B1B428F00180004C1441 /* stable.carsharing.yandex.net-list.json */; };
		D785B1B728F00759004C1441 /* Location.swift in Sources */ = {isa = PBXBuildFile; fileRef = D785B1B628F00759004C1441 /* Location.swift */; };
		D785B1B928F00BAC004C1441 /* Provider.swift in Sources */ = {isa = PBXBuildFile; fileRef = D785B1B828F00BAC004C1441 /* Provider.swift */; };
		D7B5ED8728FCE6D900F2800C /* MockApiClient.swift in Sources */ = {isa = PBXBuildFile; fileRef = D7B5ED8628FCE6D800F2800C /* MockApiClient.swift */; };
		D7B5ED8A28FCEA5E00F2800C /* stable.carsharing.yandex.net-list.json in Resources */ = {isa = PBXBuildFile; fileRef = D7B5ED8828FCEA5E00F2800C /* stable.carsharing.yandex.net-list.json */; };
		D7B5ED8B28FCEA5E00F2800C /* api.citydrive.ru-status.json in Resources */ = {isa = PBXBuildFile; fileRef = D7B5ED8928FCEA5E00F2800C /* api.citydrive.ru-status.json */; };
		D7CB91DF28F3A12700D0E946 /* CityDriveCar.swift in Sources */ = {isa = PBXBuildFile; fileRef = D7CB91DE28F3A12700D0E946 /* CityDriveCar.swift */; };
		D7CB91E128F3A59700D0E946 /* CityDriveFeed.swift in Sources */ = {isa = PBXBuildFile; fileRef = D7CB91E028F3A59700D0E946 /* CityDriveFeed.swift */; };
		D7CB91E328F3A72100D0E946 /* CityDriveCarsharing.swift in Sources */ = {isa = PBXBuildFile; fileRef = D7CB91E228F3A72100D0E946 /* CityDriveCarsharing.swift */; };
		D7CB91E528F3A8B300D0E946 /* CityDriveCarsharingTests.swift in Sources */ = {isa = PBXBuildFile; fileRef = D7CB91E428F3A8B300D0E946 /* CityDriveCarsharingTests.swift */; };
		D7CB91E728F3A9EB00D0E946 /* api.citydrive.ru-status.json in Resources */ = {isa = PBXBuildFile; fileRef = D7CB91E628F3A9EB00D0E946 /* api.citydrive.ru-status.json */; };
		D7CB91E928F3CA5600D0E946 /* CarsViewModelTests.swift in Sources */ = {isa = PBXBuildFile; fileRef = D7CB91E828F3CA5600D0E946 /* CarsViewModelTests.swift */; };
		D7CB91EB28F3CACF00D0E946 /* MockApiClient.swift in Sources */ = {isa = PBXBuildFile; fileRef = D7CB91EA28F3CACF00D0E946 /* MockApiClient.swift */; };
/* End PBXBuildFile section */

/* Begin PBXContainerItemProxy section */
		D75EB86028EE614E00779690 /* PBXContainerItemProxy */ = {
			isa = PBXContainerItemProxy;
			containerPortal = D75EB84128EE614900779690 /* Project object */;
			proxyType = 1;
			remoteGlobalIDString = D75EB84828EE614900779690;
			remoteInfo = CarSharing;
		};
/* End PBXContainerItemProxy section */

/* Begin PBXFileReference section */
		D75EB84928EE614900779690 /* CarSharing.app */ = {isa = PBXFileReference; explicitFileType = wrapper.application; includeInIndex = 0; path = CarSharing.app; sourceTree = BUILT_PRODUCTS_DIR; };
		D75EB84C28EE614900779690 /* AppDelegate.swift */ = {isa = PBXFileReference; lastKnownFileType = sourcecode.swift; path = AppDelegate.swift; sourceTree = "<group>"; };
		D75EB84E28EE614900779690 /* SceneDelegate.swift */ = {isa = PBXFileReference; lastKnownFileType = sourcecode.swift; path = SceneDelegate.swift; sourceTree = "<group>"; };
		D75EB85028EE614900779690 /* MapViewController.swift */ = {isa = PBXFileReference; lastKnownFileType = sourcecode.swift; path = MapViewController.swift; sourceTree = "<group>"; };
		D75EB85528EE614E00779690 /* Assets.xcassets */ = {isa = PBXFileReference; lastKnownFileType = folder.assetcatalog; path = Assets.xcassets; sourceTree = "<group>"; };
		D75EB85828EE614E00779690 /* Base */ = {isa = PBXFileReference; lastKnownFileType = file.storyboard; name = Base; path = Base.lproj/LaunchScreen.storyboard; sourceTree = "<group>"; };
		D75EB85A28EE614E00779690 /* Info.plist */ = {isa = PBXFileReference; lastKnownFileType = text.plist.xml; path = Info.plist; sourceTree = "<group>"; };
		D75EB85F28EE614E00779690 /* CarSharingTests.xctest */ = {isa = PBXFileReference; explicitFileType = wrapper.cfbundle; includeInIndex = 0; path = CarSharingTests.xctest; sourceTree = BUILT_PRODUCTS_DIR; };
		D75EB87C28EE65F800779690 /* ApiClient.swift */ = {isa = PBXFileReference; lastKnownFileType = sourcecode.swift; path = ApiClient.swift; sourceTree = "<group>"; };
		D75EB87E28EE676000779690 /* ApiClientTests.swift */ = {isa = PBXFileReference; lastKnownFileType = sourcecode.swift; path = ApiClientTests.swift; sourceTree = "<group>"; };
		D75EB88128EE692A00779690 /* MockURLProtocol.swift */ = {isa = PBXFileReference; lastKnownFileType = sourcecode.swift; path = MockURLProtocol.swift; sourceTree = "<group>"; };
		D75EB88528EE90DD00779690 /* NetworkError.swift */ = {isa = PBXFileReference; lastKnownFileType = sourcecode.swift; path = NetworkError.swift; sourceTree = "<group>"; };
		D785B1A228EFAFB3004C1441 /* CarsViewModel.swift */ = {isa = PBXFileReference; lastKnownFileType = sourcecode.swift; path = CarsViewModel.swift; sourceTree = "<group>"; };
		D785B1A528EFB3F9004C1441 /* YandexDriveCar.swift */ = {isa = PBXFileReference; lastKnownFileType = sourcecode.swift; path = YandexDriveCar.swift; sourceTree = "<group>"; };
		D785B1A828EFB501004C1441 /* Car.swift */ = {isa = PBXFileReference; lastKnownFileType = sourcecode.swift; path = Car.swift; sourceTree = "<group>"; };
		D785B1AA28EFB552004C1441 /* YandexDriveCarsharing.swift */ = {isa = PBXFileReference; lastKnownFileType = sourcecode.swift; path = YandexDriveCarsharing.swift; sourceTree = "<group>"; };
		D785B1AC28EFB56A004C1441 /* CarsharingProvider.swift */ = {isa = PBXFileReference; lastKnownFileType = sourcecode.swift; path = CarsharingProvider.swift; sourceTree = "<group>"; };
		D785B1AE28EFB622004C1441 /* ApiClientProtocol.swift */ = {isa = PBXFileReference; lastKnownFileType = sourcecode.swift; path = ApiClientProtocol.swift; sourceTree = "<group>"; };
		D785B1B028EFBE44004C1441 /* YandexDriveFeed.swift */ = {isa = PBXFileReference; lastKnownFileType = sourcecode.swift; path = YandexDriveFeed.swift; sourceTree = "<group>"; };
		D785B1B228EFD2B2004C1441 /* YandexDriveCarsharingTests.swift */ = {isa = PBXFileReference; lastKnownFileType = sourcecode.swift; path = YandexDriveCarsharingTests.swift; sourceTree = "<group>"; };
		D785B1B428F00180004C1441 /* stable.carsharing.yandex.net-list.json */ = {isa = PBXFileReference; fileEncoding = 4; lastKnownFileType = text.json; path = "stable.carsharing.yandex.net-list.json"; sourceTree = "<group>"; };
		D785B1B628F00759004C1441 /* Location.swift */ = {isa = PBXFileReference; lastKnownFileType = sourcecode.swift; path = Location.swift; sourceTree = "<group>"; };
		D785B1B828F00BAC004C1441 /* Provider.swift */ = {isa = PBXFileReference; lastKnownFileType = sourcecode.swift; path = Provider.swift; sourceTree = "<group>"; };
		D7B5ED8628FCE6D800F2800C /* MockApiClient.swift */ = {isa = PBXFileReference; lastKnownFileType = sourcecode.swift; path = MockApiClient.swift; sourceTree = "<group>"; };
		D7B5ED8828FCEA5E00F2800C /* stable.carsharing.yandex.net-list.json */ = {isa = PBXFileReference; fileEncoding = 4; lastKnownFileType = text.json; path = "stable.carsharing.yandex.net-list.json"; sourceTree = "<group>"; };
		D7B5ED8928FCEA5E00F2800C /* api.citydrive.ru-status.json */ = {isa = PBXFileReference; fileEncoding = 4; lastKnownFileType = text.json; path = "api.citydrive.ru-status.json"; sourceTree = "<group>"; };
		D7CB91DE28F3A12700D0E946 /* CityDriveCar.swift */ = {isa = PBXFileReference; lastKnownFileType = sourcecode.swift; path = CityDriveCar.swift; sourceTree = "<group>"; };
		D7CB91E028F3A59700D0E946 /* CityDriveFeed.swift */ = {isa = PBXFileReference; lastKnownFileType = sourcecode.swift; path = CityDriveFeed.swift; sourceTree = "<group>"; };
		D7CB91E228F3A72100D0E946 /* CityDriveCarsharing.swift */ = {isa = PBXFileReference; lastKnownFileType = sourcecode.swift; path = CityDriveCarsharing.swift; sourceTree = "<group>"; };
		D7CB91E428F3A8B300D0E946 /* CityDriveCarsharingTests.swift */ = {isa = PBXFileReference; lastKnownFileType = sourcecode.swift; path = CityDriveCarsharingTests.swift; sourceTree = "<group>"; };
		D7CB91E628F3A9EB00D0E946 /* api.citydrive.ru-status.json */ = {isa = PBXFileReference; fileEncoding = 4; lastKnownFileType = text.json; path = "api.citydrive.ru-status.json"; sourceTree = "<group>"; };
		D7CB91E828F3CA5600D0E946 /* CarsViewModelTests.swift */ = {isa = PBXFileReference; lastKnownFileType = sourcecode.swift; path = CarsViewModelTests.swift; sourceTree = "<group>"; };
		D7CB91EA28F3CACF00D0E946 /* MockApiClient.swift */ = {isa = PBXFileReference; lastKnownFileType = sourcecode.swift; path = MockApiClient.swift; sourceTree = "<group>"; };
/* End PBXFileReference section */

/* Begin PBXFrameworksBuildPhase section */
		D75EB84628EE614900779690 /* Frameworks */ = {
			isa = PBXFrameworksBuildPhase;
			buildActionMask = 2147483647;
			files = (
			);
			runOnlyForDeploymentPostprocessing = 0;
		};
		D75EB85C28EE614E00779690 /* Frameworks */ = {
			isa = PBXFrameworksBuildPhase;
			buildActionMask = 2147483647;
			files = (
			);
			runOnlyForDeploymentPostprocessing = 0;
		};
/* End PBXFrameworksBuildPhase section */

/* Begin PBXGroup section */
		D75EB84028EE614900779690 = {
			isa = PBXGroup;
			children = (
				D75EB84B28EE614900779690 /* CarSharing */,
				D75EB86228EE614E00779690 /* CarSharingTests */,
				D75EB84A28EE614900779690 /* Products */,
			);
			sourceTree = "<group>";
		};
		D75EB84A28EE614900779690 /* Products */ = {
			isa = PBXGroup;
			children = (
				D75EB84928EE614900779690 /* CarSharing.app */,
				D75EB85F28EE614E00779690 /* CarSharingTests.xctest */,
			);
			name = Products;
			sourceTree = "<group>";
		};
		D75EB84B28EE614900779690 /* CarSharing */ = {
			isa = PBXGroup;
			children = (
				D7B5ED8528FCE6AA00F2800C /* Mock */,
				D785B1A728EFB405004C1441 /* Protocols */,
				D75EB88328EE90A300779690 /* API */,
				D75EB88428EE90C100779690 /* Model */,
				D785B1A428EFAFB8004C1441 /* ViewModel */,
				D75EB88728EE914E00779690 /* Controller */,
				D75EB84C28EE614900779690 /* AppDelegate.swift */,
				D75EB84E28EE614900779690 /* SceneDelegate.swift */,
				D75EB85528EE614E00779690 /* Assets.xcassets */,
				D75EB85728EE614E00779690 /* LaunchScreen.storyboard */,
				D75EB85A28EE614E00779690 /* Info.plist */,
			);
			path = CarSharing;
			sourceTree = "<group>";
		};
		D75EB86228EE614E00779690 /* CarSharingTests */ = {
			isa = PBXGroup;
			children = (
				D75EB88028EE690700779690 /* Mocks */,
				D75EB87E28EE676000779690 /* ApiClientTests.swift */,
				D785B1B228EFD2B2004C1441 /* YandexDriveCarsharingTests.swift */,
				D7CB91E428F3A8B300D0E946 /* CityDriveCarsharingTests.swift */,
				D7CB91E828F3CA5600D0E946 /* CarsViewModelTests.swift */,
			);
			path = CarSharingTests;
			sourceTree = "<group>";
		};
		D75EB88028EE690700779690 /* Mocks */ = {
			isa = PBXGroup;
			children = (
				D7CB91E628F3A9EB00D0E946 /* api.citydrive.ru-status.json */,
				D785B1B428F00180004C1441 /* stable.carsharing.yandex.net-list.json */,
				D75EB88128EE692A00779690 /* MockURLProtocol.swift */,
				D7CB91EA28F3CACF00D0E946 /* MockApiClient.swift */,
			);
			path = Mocks;
			sourceTree = "<group>";
		};
		D75EB88328EE90A300779690 /* API */ = {
			isa = PBXGroup;
			children = (
				D75EB87C28EE65F800779690 /* ApiClient.swift */,
			);
			path = API;
			sourceTree = "<group>";
		};
		D75EB88428EE90C100779690 /* Model */ = {
			isa = PBXGroup;
			children = (
				D7CB91DC28F3A0E600D0E946 /* YandexDrive */,
				D7CB91DD28F3A0F600D0E946 /* CityDrive */,
				D75EB88528EE90DD00779690 /* NetworkError.swift */,
				D785B1B628F00759004C1441 /* Location.swift */,
				D785B1B828F00BAC004C1441 /* Provider.swift */,
			);
			path = Model;
			sourceTree = "<group>";
		};
		D75EB88728EE914E00779690 /* Controller */ = {
			isa = PBXGroup;
			children = (
				D75EB85028EE614900779690 /* MapViewController.swift */,
			);
			path = Controller;
			sourceTree = "<group>";
		};
		D785B1A428EFAFB8004C1441 /* ViewModel */ = {
			isa = PBXGroup;
			children = (
				D785B1A228EFAFB3004C1441 /* CarsViewModel.swift */,
			);
			path = ViewModel;
			sourceTree = "<group>";
		};
		D785B1A728EFB405004C1441 /* Protocols */ = {
			isa = PBXGroup;
			children = (
				D785B1A828EFB501004C1441 /* Car.swift */,
				D785B1AC28EFB56A004C1441 /* CarsharingProvider.swift */,
				D785B1AE28EFB622004C1441 /* ApiClientProtocol.swift */,
			);
			path = Protocols;
			sourceTree = "<group>";
		};
		D7B5ED8528FCE6AA00F2800C /* Mock */ = {
			isa = PBXGroup;
			children = (
				D7B5ED8928FCEA5E00F2800C /* api.citydrive.ru-status.json */,
				D7B5ED8828FCEA5E00F2800C /* stable.carsharing.yandex.net-list.json */,
				D7B5ED8628FCE6D800F2800C /* MockApiClient.swift */,
			);
			path = Mock;
			sourceTree = "<group>";
		};
		D7CB91DC28F3A0E600D0E946 /* YandexDrive */ = {
			isa = PBXGroup;
			children = (
				D785B1A528EFB3F9004C1441 /* YandexDriveCar.swift */,
				D785B1B028EFBE44004C1441 /* YandexDriveFeed.swift */,
				D785B1AA28EFB552004C1441 /* YandexDriveCarsharing.swift */,
			);
			path = YandexDrive;
			sourceTree = "<group>";
		};
		D7CB91DD28F3A0F600D0E946 /* CityDrive */ = {
			isa = PBXGroup;
			children = (
				D7CB91DE28F3A12700D0E946 /* CityDriveCar.swift */,
				D7CB91E028F3A59700D0E946 /* CityDriveFeed.swift */,
				D7CB91E228F3A72100D0E946 /* CityDriveCarsharing.swift */,
			);
			path = CityDrive;
			sourceTree = "<group>";
		};
/* End PBXGroup section */

/* Begin PBXNativeTarget section */
		D75EB84828EE614900779690 /* CarSharing */ = {
			isa = PBXNativeTarget;
			buildConfigurationList = D75EB87328EE614F00779690 /* Build configuration list for PBXNativeTarget "CarSharing" */;
			buildPhases = (
				D75EB84528EE614900779690 /* Sources */,
				D75EB84628EE614900779690 /* Frameworks */,
				D75EB84728EE614900779690 /* Resources */,
			);
			buildRules = (
			);
			dependencies = (
			);
			name = CarSharing;
			productName = CarSharing;
			productReference = D75EB84928EE614900779690 /* CarSharing.app */;
			productType = "com.apple.product-type.application";
		};
		D75EB85E28EE614E00779690 /* CarSharingTests */ = {
			isa = PBXNativeTarget;
			buildConfigurationList = D75EB87628EE614F00779690 /* Build configuration list for PBXNativeTarget "CarSharingTests" */;
			buildPhases = (
				D75EB85B28EE614E00779690 /* Sources */,
				D75EB85C28EE614E00779690 /* Frameworks */,
				D75EB85D28EE614E00779690 /* Resources */,
			);
			buildRules = (
			);
			dependencies = (
				D75EB86128EE614E00779690 /* PBXTargetDependency */,
			);
			name = CarSharingTests;
			productName = CarSharingTests;
			productReference = D75EB85F28EE614E00779690 /* CarSharingTests.xctest */;
			productType = "com.apple.product-type.bundle.unit-test";
		};
/* End PBXNativeTarget section */

/* Begin PBXProject section */
		D75EB84128EE614900779690 /* Project object */ = {
			isa = PBXProject;
			attributes = {
				BuildIndependentTargetsInParallel = 1;
				LastSwiftUpdateCheck = 1320;
				LastUpgradeCheck = 1320;
				TargetAttributes = {
					D75EB84828EE614900779690 = {
						CreatedOnToolsVersion = 13.2.1;
					};
					D75EB85E28EE614E00779690 = {
						CreatedOnToolsVersion = 13.2.1;
						TestTargetID = D75EB84828EE614900779690;
					};
				};
			};
			buildConfigurationList = D75EB84428EE614900779690 /* Build configuration list for PBXProject "CarSharing" */;
			compatibilityVersion = "Xcode 13.0";
			developmentRegion = en;
			hasScannedForEncodings = 0;
			knownRegions = (
				en,
				Base,
			);
			mainGroup = D75EB84028EE614900779690;
			productRefGroup = D75EB84A28EE614900779690 /* Products */;
			projectDirPath = "";
			projectRoot = "";
			targets = (
				D75EB84828EE614900779690 /* CarSharing */,
				D75EB85E28EE614E00779690 /* CarSharingTests */,
			);
		};
/* End PBXProject section */

/* Begin PBXResourcesBuildPhase section */
		D75EB84728EE614900779690 /* Resources */ = {
			isa = PBXResourcesBuildPhase;
			buildActionMask = 2147483647;
			files = (
				D75EB85928EE614E00779690 /* LaunchScreen.storyboard in Resources */,
				D7B5ED8B28FCEA5E00F2800C /* api.citydrive.ru-status.json in Resources */,
				D7B5ED8A28FCEA5E00F2800C /* stable.carsharing.yandex.net-list.json in Resources */,
				D75EB85628EE614E00779690 /* Assets.xcassets in Resources */,
			);
			runOnlyForDeploymentPostprocessing = 0;
		};
		D75EB85D28EE614E00779690 /* Resources */ = {
			isa = PBXResourcesBuildPhase;
			buildActionMask = 2147483647;
			files = (
				D785B1B528F00180004C1441 /* stable.carsharing.yandex.net-list.json in Resources */,
				D7CB91E728F3A9EB00D0E946 /* api.citydrive.ru-status.json in Resources */,
			);
			runOnlyForDeploymentPostprocessing = 0;
		};
/* End PBXResourcesBuildPhase section */

/* Begin PBXSourcesBuildPhase section */
		D75EB84528EE614900779690 /* Sources */ = {
			isa = PBXSourcesBuildPhase;
			buildActionMask = 2147483647;
			files = (
				D75EB85128EE614900779690 /* MapViewController.swift in Sources */,
				D785B1A328EFAFB3004C1441 /* CarsViewModel.swift in Sources */,
				D785B1B928F00BAC004C1441 /* Provider.swift in Sources */,
				D785B1AD28EFB56A004C1441 /* CarsharingProvider.swift in Sources */,
				D785B1A928EFB501004C1441 /* Car.swift in Sources */,
				D7CB91E128F3A59700D0E946 /* CityDriveFeed.swift in Sources */,
				D75EB84D28EE614900779690 /* AppDelegate.swift in Sources */,
				D7CB91E328F3A72100D0E946 /* CityDriveCarsharing.swift in Sources */,
				D785B1AF28EFB622004C1441 /* ApiClientProtocol.swift in Sources */,
				D7B5ED8728FCE6D900F2800C /* MockApiClient.swift in Sources */,
				D7CB91DF28F3A12700D0E946 /* CityDriveCar.swift in Sources */,
				D785B1B728F00759004C1441 /* Location.swift in Sources */,
				D75EB84F28EE614900779690 /* SceneDelegate.swift in Sources */,
				D75EB87D28EE65F800779690 /* ApiClient.swift in Sources */,
				D785B1A628EFB3F9004C1441 /* YandexDriveCar.swift in Sources */,
				D785B1AB28EFB552004C1441 /* YandexDriveCarsharing.swift in Sources */,
				D75EB88628EE90DD00779690 /* NetworkError.swift in Sources */,
				D785B1B128EFBE44004C1441 /* YandexDriveFeed.swift in Sources */,
			);
			runOnlyForDeploymentPostprocessing = 0;
		};
		D75EB85B28EE614E00779690 /* Sources */ = {
			isa = PBXSourcesBuildPhase;
			buildActionMask = 2147483647;
			files = (
				D75EB88228EE692A00779690 /* MockURLProtocol.swift in Sources */,
				D7CB91E528F3A8B300D0E946 /* CityDriveCarsharingTests.swift in Sources */,
				D7CB91E928F3CA5600D0E946 /* CarsViewModelTests.swift in Sources */,
				D7CB91EB28F3CACF00D0E946 /* MockApiClient.swift in Sources */,
				D75EB87F28EE676000779690 /* ApiClientTests.swift in Sources */,
				D785B1B328EFD2B2004C1441 /* YandexDriveCarsharingTests.swift in Sources */,
			);
			runOnlyForDeploymentPostprocessing = 0;
		};
/* End PBXSourcesBuildPhase section */

/* Begin PBXTargetDependency section */
		D75EB86128EE614E00779690 /* PBXTargetDependency */ = {
			isa = PBXTargetDependency;
			target = D75EB84828EE614900779690 /* CarSharing */;
			targetProxy = D75EB86028EE614E00779690 /* PBXContainerItemProxy */;
		};
/* End PBXTargetDependency section */

/* Begin PBXVariantGroup section */
		D75EB85728EE614E00779690 /* LaunchScreen.storyboard */ = {
			isa = PBXVariantGroup;
			children = (
				D75EB85828EE614E00779690 /* Base */,
			);
			name = LaunchScreen.storyboard;
			sourceTree = "<group>";
		};
/* End PBXVariantGroup section */

/* Begin XCBuildConfiguration section */
		D75EB87128EE614F00779690 /* Debug */ = {
			isa = XCBuildConfiguration;
			buildSettings = {
				ALWAYS_SEARCH_USER_PATHS = NO;
				CLANG_ANALYZER_NONNULL = YES;
				CLANG_ANALYZER_NUMBER_OBJECT_CONVERSION = YES_AGGRESSIVE;
				CLANG_CXX_LANGUAGE_STANDARD = "gnu++17";
				CLANG_CXX_LIBRARY = "libc++";
				CLANG_ENABLE_MODULES = YES;
				CLANG_ENABLE_OBJC_ARC = YES;
				CLANG_ENABLE_OBJC_WEAK = YES;
				CLANG_WARN_BLOCK_CAPTURE_AUTORELEASING = YES;
				CLANG_WARN_BOOL_CONVERSION = YES;
				CLANG_WARN_COMMA = YES;
				CLANG_WARN_CONSTANT_CONVERSION = YES;
				CLANG_WARN_DEPRECATED_OBJC_IMPLEMENTATIONS = YES;
				CLANG_WARN_DIRECT_OBJC_ISA_USAGE = YES_ERROR;
				CLANG_WARN_DOCUMENTATION_COMMENTS = YES;
				CLANG_WARN_EMPTY_BODY = YES;
				CLANG_WARN_ENUM_CONVERSION = YES;
				CLANG_WARN_INFINITE_RECURSION = YES;
				CLANG_WARN_INT_CONVERSION = YES;
				CLANG_WARN_NON_LITERAL_NULL_CONVERSION = YES;
				CLANG_WARN_OBJC_IMPLICIT_RETAIN_SELF = YES;
				CLANG_WARN_OBJC_LITERAL_CONVERSION = YES;
				CLANG_WARN_OBJC_ROOT_CLASS = YES_ERROR;
				CLANG_WARN_QUOTED_INCLUDE_IN_FRAMEWORK_HEADER = YES;
				CLANG_WARN_RANGE_LOOP_ANALYSIS = YES;
				CLANG_WARN_STRICT_PROTOTYPES = YES;
				CLANG_WARN_SUSPICIOUS_MOVE = YES;
				CLANG_WARN_UNGUARDED_AVAILABILITY = YES_AGGRESSIVE;
				CLANG_WARN_UNREACHABLE_CODE = YES;
				CLANG_WARN__DUPLICATE_METHOD_MATCH = YES;
				COPY_PHASE_STRIP = NO;
				DEBUG_INFORMATION_FORMAT = dwarf;
				ENABLE_STRICT_OBJC_MSGSEND = YES;
				ENABLE_TESTABILITY = YES;
				GCC_C_LANGUAGE_STANDARD = gnu11;
				GCC_DYNAMIC_NO_PIC = NO;
				GCC_NO_COMMON_BLOCKS = YES;
				GCC_OPTIMIZATION_LEVEL = 0;
				GCC_PREPROCESSOR_DEFINITIONS = (
					"DEBUG=1",
					"$(inherited)",
				);
				GCC_WARN_64_TO_32_BIT_CONVERSION = YES;
				GCC_WARN_ABOUT_RETURN_TYPE = YES_ERROR;
				GCC_WARN_UNDECLARED_SELECTOR = YES;
				GCC_WARN_UNINITIALIZED_AUTOS = YES_AGGRESSIVE;
				GCC_WARN_UNUSED_FUNCTION = YES;
				GCC_WARN_UNUSED_VARIABLE = YES;
				IPHONEOS_DEPLOYMENT_TARGET = 15.2;
				MTL_ENABLE_DEBUG_INFO = INCLUDE_SOURCE;
				MTL_FAST_MATH = YES;
				ONLY_ACTIVE_ARCH = YES;
				SDKROOT = iphoneos;
				SWIFT_ACTIVE_COMPILATION_CONDITIONS = DEBUG;
				SWIFT_OPTIMIZATION_LEVEL = "-Onone";
			};
			name = Debug;
		};
		D75EB87228EE614F00779690 /* Release */ = {
			isa = XCBuildConfiguration;
			buildSettings = {
				ALWAYS_SEARCH_USER_PATHS = NO;
				CLANG_ANALYZER_NONNULL = YES;
				CLANG_ANALYZER_NUMBER_OBJECT_CONVERSION = YES_AGGRESSIVE;
				CLANG_CXX_LANGUAGE_STANDARD = "gnu++17";
				CLANG_CXX_LIBRARY = "libc++";
				CLANG_ENABLE_MODULES = YES;
				CLANG_ENABLE_OBJC_ARC = YES;
				CLANG_ENABLE_OBJC_WEAK = YES;
				CLANG_WARN_BLOCK_CAPTURE_AUTORELEASING = YES;
				CLANG_WARN_BOOL_CONVERSION = YES;
				CLANG_WARN_COMMA = YES;
				CLANG_WARN_CONSTANT_CONVERSION = YES;
				CLANG_WARN_DEPRECATED_OBJC_IMPLEMENTATIONS = YES;
				CLANG_WARN_DIRECT_OBJC_ISA_USAGE = YES_ERROR;
				CLANG_WARN_DOCUMENTATION_COMMENTS = YES;
				CLANG_WARN_EMPTY_BODY = YES;
				CLANG_WARN_ENUM_CONVERSION = YES;
				CLANG_WARN_INFINITE_RECURSION = YES;
				CLANG_WARN_INT_CONVERSION = YES;
				CLANG_WARN_NON_LITERAL_NULL_CONVERSION = YES;
				CLANG_WARN_OBJC_IMPLICIT_RETAIN_SELF = YES;
				CLANG_WARN_OBJC_LITERAL_CONVERSION = YES;
				CLANG_WARN_OBJC_ROOT_CLASS = YES_ERROR;
				CLANG_WARN_QUOTED_INCLUDE_IN_FRAMEWORK_HEADER = YES;
				CLANG_WARN_RANGE_LOOP_ANALYSIS = YES;
				CLANG_WARN_STRICT_PROTOTYPES = YES;
				CLANG_WARN_SUSPICIOUS_MOVE = YES;
				CLANG_WARN_UNGUARDED_AVAILABILITY = YES_AGGRESSIVE;
				CLANG_WARN_UNREACHABLE_CODE = YES;
				CLANG_WARN__DUPLICATE_METHOD_MATCH = YES;
				COPY_PHASE_STRIP = NO;
				DEBUG_INFORMATION_FORMAT = "dwarf-with-dsym";
				ENABLE_NS_ASSERTIONS = NO;
				ENABLE_STRICT_OBJC_MSGSEND = YES;
				GCC_C_LANGUAGE_STANDARD = gnu11;
				GCC_NO_COMMON_BLOCKS = YES;
				GCC_WARN_64_TO_32_BIT_CONVERSION = YES;
				GCC_WARN_ABOUT_RETURN_TYPE = YES_ERROR;
				GCC_WARN_UNDECLARED_SELECTOR = YES;
				GCC_WARN_UNINITIALIZED_AUTOS = YES_AGGRESSIVE;
				GCC_WARN_UNUSED_FUNCTION = YES;
				GCC_WARN_UNUSED_VARIABLE = YES;
				IPHONEOS_DEPLOYMENT_TARGET = 15.2;
				MTL_ENABLE_DEBUG_INFO = NO;
				MTL_FAST_MATH = YES;
				SDKROOT = iphoneos;
				SWIFT_COMPILATION_MODE = wholemodule;
				SWIFT_OPTIMIZATION_LEVEL = "-O";
				VALIDATE_PRODUCT = YES;
			};
			name = Release;
		};
		D75EB87428EE614F00779690 /* Debug */ = {
			isa = XCBuildConfiguration;
			buildSettings = {
				ASSETCATALOG_COMPILER_APPICON_NAME = AppIcon;
				ASSETCATALOG_COMPILER_GLOBAL_ACCENT_COLOR_NAME = AccentColor;
				CODE_SIGN_STYLE = Automatic;
				CURRENT_PROJECT_VERSION = 1;
				DEVELOPMENT_TEAM = 973295K87L;
				GENERATE_INFOPLIST_FILE = YES;
				INFOPLIST_FILE = CarSharing/Info.plist;
				INFOPLIST_KEY_UIApplicationSupportsIndirectInputEvents = YES;
				INFOPLIST_KEY_UILaunchStoryboardName = LaunchScreen;
				INFOPLIST_KEY_UIMainStoryboardFile = Main;
				INFOPLIST_KEY_UISupportedInterfaceOrientations_iPad = "UIInterfaceOrientationPortrait UIInterfaceOrientationPortraitUpsideDown UIInterfaceOrientationLandscapeLeft UIInterfaceOrientationLandscapeRight";
				INFOPLIST_KEY_UISupportedInterfaceOrientations_iPhone = "UIInterfaceOrientationPortrait UIInterfaceOrientationLandscapeLeft UIInterfaceOrientationLandscapeRight";
				LD_RUNPATH_SEARCH_PATHS = (
					"$(inherited)",
					"@executable_path/Frameworks",
				);
				MARKETING_VERSION = 1.0;
				PRODUCT_BUNDLE_IDENTIFIER = com.motodolphin.CarSharing;
				PRODUCT_NAME = "$(TARGET_NAME)";
				SWIFT_EMIT_LOC_STRINGS = YES;
				SWIFT_VERSION = 5.0;
				TARGETED_DEVICE_FAMILY = "1,2";
			};
			name = Debug;
		};
		D75EB87528EE614F00779690 /* Release */ = {
			isa = XCBuildConfiguration;
			buildSettings = {
				ASSETCATALOG_COMPILER_APPICON_NAME = AppIcon;
				ASSETCATALOG_COMPILER_GLOBAL_ACCENT_COLOR_NAME = AccentColor;
				CODE_SIGN_STYLE = Automatic;
				CURRENT_PROJECT_VERSION = 1;
				DEVELOPMENT_TEAM = 973295K87L;
				GENERATE_INFOPLIST_FILE = YES;
				INFOPLIST_FILE = CarSharing/Info.plist;
				INFOPLIST_KEY_UIApplicationSupportsIndirectInputEvents = YES;
				INFOPLIST_KEY_UILaunchStoryboardName = LaunchScreen;
				INFOPLIST_KEY_UIMainStoryboardFile = Main;
				INFOPLIST_KEY_UISupportedInterfaceOrientations_iPad = "UIInterfaceOrientationPortrait UIInterfaceOrientationPortraitUpsideDown UIInterfaceOrientationLandscapeLeft UIInterfaceOrientationLandscapeRight";
				INFOPLIST_KEY_UISupportedInterfaceOrientations_iPhone = "UIInterfaceOrientationPortrait UIInterfaceOrientationLandscapeLeft UIInterfaceOrientationLandscapeRight";
				LD_RUNPATH_SEARCH_PATHS = (
					"$(inherited)",
					"@executable_path/Frameworks",
				);
				MARKETING_VERSION = 1.0;
				PRODUCT_BUNDLE_IDENTIFIER = com.motodolphin.CarSharing;
				PRODUCT_NAME = "$(TARGET_NAME)";
				SWIFT_EMIT_LOC_STRINGS = YES;
				SWIFT_VERSION = 5.0;
				TARGETED_DEVICE_FAMILY = "1,2";
			};
			name = Release;
		};
		D75EB87728EE614F00779690 /* Debug */ = {
			isa = XCBuildConfiguration;
			buildSettings = {
				ALWAYS_EMBED_SWIFT_STANDARD_LIBRARIES = YES;
				BUNDLE_LOADER = "$(TEST_HOST)";
				CODE_SIGN_STYLE = Automatic;
				CURRENT_PROJECT_VERSION = 1;
				DEVELOPMENT_TEAM = 973295K87L;
				GENERATE_INFOPLIST_FILE = YES;
				IPHONEOS_DEPLOYMENT_TARGET = 15.2;
				MARKETING_VERSION = 1.0;
				PRODUCT_BUNDLE_IDENTIFIER = com.motodolphin.CarSharingTests;
				PRODUCT_NAME = "$(TARGET_NAME)";
				SWIFT_EMIT_LOC_STRINGS = NO;
				SWIFT_VERSION = 5.0;
				TARGETED_DEVICE_FAMILY = "1,2";
				TEST_HOST = "$(BUILT_PRODUCTS_DIR)/CarSharing.app/CarSharing";
			};
			name = Debug;
		};
		D75EB87828EE614F00779690 /* Release */ = {
			isa = XCBuildConfiguration;
			buildSettings = {
				ALWAYS_EMBED_SWIFT_STANDARD_LIBRARIES = YES;
				BUNDLE_LOADER = "$(TEST_HOST)";
				CODE_SIGN_STYLE = Automatic;
				CURRENT_PROJECT_VERSION = 1;
				DEVELOPMENT_TEAM = 973295K87L;
				GENERATE_INFOPLIST_FILE = YES;
				IPHONEOS_DEPLOYMENT_TARGET = 15.2;
				MARKETING_VERSION = 1.0;
				PRODUCT_BUNDLE_IDENTIFIER = com.motodolphin.CarSharingTests;
				PRODUCT_NAME = "$(TARGET_NAME)";
				SWIFT_EMIT_LOC_STRINGS = NO;
				SWIFT_VERSION = 5.0;
				TARGETED_DEVICE_FAMILY = "1,2";
				TEST_HOST = "$(BUILT_PRODUCTS_DIR)/CarSharing.app/CarSharing";
			};
			name = Release;
		};
/* End XCBuildConfiguration section */

/* Begin XCConfigurationList section */
		D75EB84428EE614900779690 /* Build configuration list for PBXProject "CarSharing" */ = {
			isa = XCConfigurationList;
			buildConfigurations = (
				D75EB87128EE614F00779690 /* Debug */,
				D75EB87228EE614F00779690 /* Release */,
			);
			defaultConfigurationIsVisible = 0;
			defaultConfigurationName = Release;
		};
		D75EB87328EE614F00779690 /* Build configuration list for PBXNativeTarget "CarSharing" */ = {
			isa = XCConfigurationList;
			buildConfigurations = (
				D75EB87428EE614F00779690 /* Debug */,
				D75EB87528EE614F00779690 /* Release */,
			);
			defaultConfigurationIsVisible = 0;
			defaultConfigurationName = Release;
		};
		D75EB87628EE614F00779690 /* Build configuration list for PBXNativeTarget "CarSharingTests" */ = {
			isa = XCConfigurationList;
			buildConfigurations = (
				D75EB87728EE614F00779690 /* Debug */,
				D75EB87828EE614F00779690 /* Release */,
			);
			defaultConfigurationIsVisible = 0;
			defaultConfigurationName = Release;
		};
/* End XCConfigurationList section */
	};
	rootObject = D75EB84128EE614900779690 /* Project object */;
}
